// !$*UTF8*$!
{
	archiveVersion = 1;
	classes = {
	};
	objectVersion = 50;
	objects = {

/* Begin PBXBuildFile section */
		181ABC4024DAF5E20094703A /* AppDelegate.swift in Sources */ = {isa = PBXBuildFile; fileRef = 181ABC3F24DAF5E20094703A /* AppDelegate.swift */; };
		181ABC4224DAF5E20094703A /* SceneDelegate.swift in Sources */ = {isa = PBXBuildFile; fileRef = 181ABC4124DAF5E20094703A /* SceneDelegate.swift */; };
		181ABC4424DAF5E20094703A /* ViewController.swift in Sources */ = {isa = PBXBuildFile; fileRef = 181ABC4324DAF5E20094703A /* ViewController.swift */; };
		181ABC4724DAF5E20094703A /* Main.storyboard in Resources */ = {isa = PBXBuildFile; fileRef = 181ABC4524DAF5E20094703A /* Main.storyboard */; };
		181ABC4924DAF5E40094703A /* Assets.xcassets in Resources */ = {isa = PBXBuildFile; fileRef = 181ABC4824DAF5E40094703A /* Assets.xcassets */; };
		181ABC4C24DAF5E40094703A /* LaunchScreen.storyboard in Resources */ = {isa = PBXBuildFile; fileRef = 181ABC4A24DAF5E40094703A /* LaunchScreen.storyboard */; };
/* End PBXBuildFile section */

/* Begin PBXFileReference section */
		181ABC3C24DAF5E20094703A /* StoryBoardInfo.app */ = {isa = PBXFileReference; explicitFileType = wrapper.application; includeInIndex = 0; path = StoryBoardInfo.app; sourceTree = BUILT_PRODUCTS_DIR; };
		181ABC3F24DAF5E20094703A /* AppDelegate.swift */ = {isa = PBXFileReference; lastKnownFileType = sourcecode.swift; path = AppDelegate.swift; sourceTree = "<group>"; };
		181ABC4124DAF5E20094703A /* SceneDelegate.swift */ = {isa = PBXFileReference; lastKnownFileType = sourcecode.swift; path = SceneDelegate.swift; sourceTree = "<group>"; };
		181ABC4324DAF5E20094703A /* ViewController.swift */ = {isa = PBXFileReference; lastKnownFileType = sourcecode.swift; path = ViewController.swift; sourceTree = "<group>"; };
		181ABC4624DAF5E20094703A /* Base */ = {isa = PBXFileReference; lastKnownFileType = file.storyboard; name = Base; path = Base.lproj/Main.storyboard; sourceTree = "<group>"; };
		181ABC4824DAF5E40094703A /* Assets.xcassets */ = {isa = PBXFileReference; lastKnownFileType = folder.assetcatalog; path = Assets.xcassets; sourceTree = "<group>"; };
		181ABC4B24DAF5E40094703A /* Base */ = {isa = PBXFileReference; lastKnownFileType = file.storyboard; name = Base; path = Base.lproj/LaunchScreen.storyboard; sourceTree = "<group>"; };
		181ABC4D24DAF5E40094703A /* Info.plist */ = {isa = PBXFileReference; lastKnownFileType = text.plist.xml; path = Info.plist; sourceTree = "<group>"; };
/* End PBXFileReference section */

/* Begin PBXFrameworksBuildPhase section */
		181ABC3924DAF5E20094703A /* Frameworks */ = {
			isa = PBXFrameworksBuildPhase;
			buildActionMask = 2147483647;
			files = (
			);
			runOnlyForDeploymentPostprocessing = 0;
		};
/* End PBXFrameworksBuildPhase section */

/* Begin PBXGroup section */
		181ABC3324DAF5E20094703A = {
			isa = PBXGroup;
			children = (
				181ABC3E24DAF5E20094703A /* StoryBoardInfo */,
				181ABC3D24DAF5E20094703A /* Products */,
			);
			sourceTree = "<group>";
		};
		181ABC3D24DAF5E20094703A /* Products */ = {
			isa = PBXGroup;
			children = (
				181ABC3C24DAF5E20094703A /* StoryBoardInfo.app */,
			);
			name = Products;
			sourceTree = "<group>";
		};
		181ABC3E24DAF5E20094703A /* StoryBoardInfo */ = {
			isa = PBXGroup;
			children = (
				181ABC3F24DAF5E20094703A /* AppDelegate.swift */,
				181ABC4124DAF5E20094703A /* SceneDelegate.swift */,
				181ABC4324DAF5E20094703A /* ViewController.swift */,
				181ABC4524DAF5E20094703A /* Main.storyboard */,
				181ABC4824DAF5E40094703A /* Assets.xcassets */,
				181ABC4A24DAF5E40094703A /* LaunchScreen.storyboard */,
				181ABC4D24DAF5E40094703A /* Info.plist */,
			);
			path = StoryBoardInfo;
			sourceTree = "<group>";
		};
/* End PBXGroup section */

/* Begin PBXNativeTarget section */
		181ABC3B24DAF5E20094703A /* StoryBoardInfo */ = {
			isa = PBXNativeTarget;
			buildConfigurationList = 181ABC5024DAF5E40094703A /* Build configuration list for PBXNativeTarget "StoryBoardInfo" */;
			buildPhases = (
				181ABC3824DAF5E20094703A /* Sources */,
				181ABC3924DAF5E20094703A /* Frameworks */,
				181ABC3A24DAF5E20094703A /* Resources */,
			);
			buildRules = (
			);
			dependencies = (
			);
			name = StoryBoardInfo;
			productName = StoryBoardInfo;
			productReference = 181ABC3C24DAF5E20094703A /* StoryBoardInfo.app */;
			productType = "com.apple.product-type.application";
		};
/* End PBXNativeTarget section */

/* Begin PBXProject section */
		181ABC3424DAF5E20094703A /* Project object */ = {
			isa = PBXProject;
			attributes = {
				LastSwiftUpdateCheck = 1150;
				LastUpgradeCheck = 1150;
				ORGANIZATIONNAME = "Mia Bryan";
				TargetAttributes = {
					181ABC3B24DAF5E20094703A = {
						CreatedOnToolsVersion = 11.5;
					};
				};
			};
			buildConfigurationList = 181ABC3724DAF5E20094703A /* Build configuration list for PBXProject "StoryBoardInfo" */;
			compatibilityVersion = "Xcode 9.3";
			developmentRegion = en;
			hasScannedForEncodings = 0;
			knownRegions = (
				en,
				Base,
			);
			mainGroup = 181ABC3324DAF5E20094703A;
			productRefGroup = 181ABC3D24DAF5E20094703A /* Products */;
			projectDirPath = "";
			projectRoot = "";
			targets = (
				181ABC3B24DAF5E20094703A /* StoryBoardInfo */,
			);
		};
/* End PBXProject section */

/* Begin PBXResourcesBuildPhase section */
		181ABC3A24DAF5E20094703A /* Resources */ = {
			isa = PBXResourcesBuildPhase;
			buildActionMask = 2147483647;
			files = (
				181ABC4C24DAF5E40094703A /* LaunchScreen.storyboard in Resources */,
				181ABC4924DAF5E40094703A /* Assets.xcassets in Resources */,
				181ABC4724DAF5E20094703A /* Main.storyboard in Resources */,
			);
			runOnlyForDeploymentPostprocessing = 0;
		};
/* End PBXResourcesBuildPhase section */

/* Begin PBXSourcesBuildPhase section */
		181ABC3824DAF5E20094703A /* Sources */ = {
			isa = PBXSourcesBuildPhase;
			buildActionMask = 2147483647;
			files = (
				181ABC4424DAF5E20094703A /* ViewController.swift in Sources */,
				181ABC4024DAF5E20094703A /* AppDelegate.swift in Sources */,
				181ABC4224DAF5E20094703A /* SceneDelegate.swift in Sources */,
			);
			runOnlyForDeploymentPostprocessing = 0;
		};
/* End PBXSourcesBuildPhase section */

/* Begin PBXVariantGroup section */
		181ABC4524DAF5E20094703A /* Main.storyboard */ = {
			isa = PBXVariantGroup;
			children = (
				181ABC4624DAF5E20094703A /* Base */,
			);
			name = Main.storyboard;
			sourceTree = "<group>";
		};
		181ABC4A24DAF5E40094703A /* LaunchScreen.storyboard */ = {
			isa = PBXVariantGroup;
			children = (
				181ABC4B24DAF5E40094703A /* Base */,
			);
			name = LaunchScreen.storyboard;
			sourceTree = "<group>";
		};
/* End PBXVariantGroup section */

/* Begin XCBuildConfiguration section */
		181ABC4E24DAF5E40094703A /* Debug */ = {
			isa = XCBuildConfiguration;
			buildSettings = {
				ALWAYS_SEARCH_USER_PATHS = NO;
				CLANG_ANALYZER_NONNULL = YES;
				CLANG_ANALYZER_NUMBER_OBJECT_CONVERSION = YES_AGGRESSIVE;
				CLANG_CXX_LANGUAGE_STANDARD = "gnu++14";
				CLANG_CXX_LIBRARY = "libc++";
				CLANG_ENABLE_MODULES = YES;
				CLANG_ENABLE_OBJC_ARC = YES;
				CLANG_ENABLE_OBJC_WEAK = YES;
				CLANG_WARN_BLOCK_CAPTURE_AUTORELEASING = YES;
				CLANG_WARN_BOOL_CONVERSION = YES;
				CLANG_WARN_COMMA = YES;
				CLANG_WARN_CONSTANT_CONVERSION = YES;
				CLANG_WARN_DEPRECATED_OBJC_IMPLEMENTATIONS = YES;
				CLANG_WARN_DIRECT_OBJC_ISA_USAGE = YES_ERROR;
				CLANG_WARN_DOCUMENTATION_COMMENTS = YES;
				CLANG_WARN_EMPTY_BODY = YES;
				CLANG_WARN_ENUM_CONVERSION = YES;
				CLANG_WARN_INFINITE_RECURSION = YES;
				CLANG_WARN_INT_CONVERSION = YES;
				CLANG_WARN_NON_LITERAL_NULL_CONVERSION = YES;
				CLANG_WARN_OBJC_IMPLICIT_RETAIN_SELF = YES;
				CLANG_WARN_OBJC_LITERAL_CONVERSION = YES;
				CLANG_WARN_OBJC_ROOT_CLASS = YES_ERROR;
				CLANG_WARN_RANGE_LOOP_ANALYSIS = YES;
				CLANG_WARN_STRICT_PROTOTYPES = YES;
				CLANG_WARN_SUSPICIOUS_MOVE = YES;
				CLANG_WARN_UNGUARDED_AVAILABILITY = YES_AGGRESSIVE;
				CLANG_WARN_UNREACHABLE_CODE = YES;
				CLANG_WARN__DUPLICATE_METHOD_MATCH = YES;
				COPY_PHASE_STRIP = NO;
				DEBUG_INFORMATION_FORMAT = dwarf;
				ENABLE_STRICT_OBJC_MSGSEND = YES;
				ENABLE_TESTABILITY = YES;
				GCC_C_LANGUAGE_STANDARD = gnu11;
				GCC_DYNAMIC_NO_PIC = NO;
				GCC_NO_COMMON_BLOCKS = YES;
				GCC_OPTIMIZATION_LEVEL = 0;
				GCC_PREPROCESSOR_DEFINITIONS = (
					"DEBUG=1",
					"$(inherited)",
				);
				GCC_WARN_64_TO_32_BIT_CONVERSION = YES;
				GCC_WARN_ABOUT_RETURN_TYPE = YES_ERROR;
				GCC_WARN_UNDECLARED_SELECTOR = YES;
				GCC_WARN_UNINITIALIZED_AUTOS = YES_AGGRESSIVE;
				GCC_WARN_UNUSED_FUNCTION = YES;
				GCC_WARN_UNUSED_VARIABLE = YES;
				IPHONEOS_DEPLOYMENT_TARGET = 13.5;
				MTL_ENABLE_DEBUG_INFO = INCLUDE_SOURCE;
				MTL_FAST_MATH = YES;
				ONLY_ACTIVE_ARCH = YES;
				SDKROOT = iphoneos;
				SWIFT_ACTIVE_COMPILATION_CONDITIONS = DEBUG;
				SWIFT_OPTIMIZATION_LEVEL = "-Onone";
			};
			name = Debug;
		};
		181ABC4F24DAF5E40094703A /* Release */ = {
			isa = XCBuildConfiguration;
			buildSettings = {
				ALWAYS_SEARCH_USER_PATHS = NO;
				CLANG_ANALYZER_NONNULL = YES;
				CLANG_ANALYZER_NUMBER_OBJECT_CONVERSION = YES_AGGRESSIVE;
				CLANG_CXX_LANGUAGE_STANDARD = "gnu++14";
				CLANG_CXX_LIBRARY = "libc++";
				CLANG_ENABLE_MODULES = YES;
				CLANG_ENABLE_OBJC_ARC = YES;
				CLANG_ENABLE_OBJC_WEAK = YES;
				CLANG_WARN_BLOCK_CAPTURE_AUTORELEASING = YES;
				CLANG_WARN_BOOL_CONVERSION = YES;
				CLANG_WARN_COMMA = YES;
				CLANG_WARN_CONSTANT_CONVERSION = YES;
				CLANG_WARN_DEPRECATED_OBJC_IMPLEMENTATIONS = YES;
				CLANG_WARN_DIRECT_OBJC_ISA_USAGE = YES_ERROR;
				CLANG_WARN_DOCUMENTATION_COMMENTS = YES;
				CLANG_WARN_EMPTY_BODY = YES;
				CLANG_WARN_ENUM_CONVERSION = YES;
				CLANG_WARN_INFINITE_RECURSION = YES;
				CLANG_WARN_INT_CONVERSION = YES;
				CLANG_WARN_NON_LITERAL_NULL_CONVERSION = YES;
				CLANG_WARN_OBJC_IMPLICIT_RETAIN_SELF = YES;
				CLANG_WARN_OBJC_LITERAL_CONVERSION = YES;
				CLANG_WARN_OBJC_ROOT_CLASS = YES_ERROR;
				CLANG_WARN_RANGE_LOOP_ANALYSIS = YES;
				CLANG_WARN_STRICT_PROTOTYPES = YES;
				CLANG_WARN_SUSPICIOUS_MOVE = YES;
				CLANG_WARN_UNGUARDED_AVAILABILITY = YES_AGGRESSIVE;
				CLANG_WARN_UNREACHABLE_CODE = YES;
				CLANG_WARN__DUPLICATE_METHOD_MATCH = YES;
				COPY_PHASE_STRIP = NO;
				DEBUG_INFORMATION_FORMAT = "dwarf-with-dsym";
				ENABLE_NS_ASSERTIONS = NO;
				ENABLE_STRICT_OBJC_MSGSEND = YES;
				GCC_C_LANGUAGE_STANDARD = gnu11;
				GCC_NO_COMMON_BLOCKS = YES;
				GCC_WARN_64_TO_32_BIT_CONVERSION = YES;
				GCC_WARN_ABOUT_RETURN_TYPE = YES_ERROR;
				GCC_WARN_UNDECLARED_SELECTOR = YES;
				GCC_WARN_UNINITIALIZED_AUTOS = YES_AGGRESSIVE;
				GCC_WARN_UNUSED_FUNCTION = YES;
				GCC_WARN_UNUSED_VARIABLE = YES;
				IPHONEOS_DEPLOYMENT_TARGET = 13.5;
				MTL_ENABLE_DEBUG_INFO = NO;
				MTL_FAST_MATH = YES;
				SDKROOT = iphoneos;
				SWIFT_COMPILATION_MODE = wholemodule;
				SWIFT_OPTIMIZATION_LEVEL = "-O";
				VALIDATE_PRODUCT = YES;
			};
			name = Release;
		};
		181ABC5124DAF5E40094703A /* Debug */ = {
			isa = XCBuildConfiguration;
			buildSettings = {
				ASSETCATALOG_COMPILER_APPICON_NAME = AppIcon;
				CODE_SIGN_STYLE = Automatic;
				INFOPLIST_FILE = StoryBoardInfo/Info.plist;
				LD_RUNPATH_SEARCH_PATHS = (
					"$(inherited)",
					"@executable_path/Frameworks",
				);
				PRODUCT_BUNDLE_IDENTIFIER = KWK.StoryBoardInfo;
				PRODUCT_NAME = "$(TARGET_NAME)";
				SWIFT_VERSION = 5.0;
				TARGETED_DEVICE_FAMILY = "1,2";
			};
			name = Debug;
		};
		181ABC5224DAF5E40094703A /* Release */ = {
			isa = XCBuildConfiguration;
			buildSettings = {
				ASSETCATALOG_COMPILER_APPICON_NAME = AppIcon;
				CODE_SIGN_STYLE = Automatic;
				INFOPLIST_FILE = StoryBoardInfo/Info.plist;
				LD_RUNPATH_SEARCH_PATHS = (
					"$(inherited)",
					"@executable_path/Frameworks",
				);
				PRODUCT_BUNDLE_IDENTIFIER = KWK.StoryBoardInfo;
				PRODUCT_NAME = "$(TARGET_NAME)";
				SWIFT_VERSION = 5.0;
				TARGETED_DEVICE_FAMILY = "1,2";
			};
			name = Release;
		};
/* End XCBuildConfiguration section */

/* Begin XCConfigurationList section */
		181ABC3724DAF5E20094703A /* Build configuration list for PBXProject "StoryBoardInfo" */ = {
			isa = XCConfigurationList;
			buildConfigurations = (
				181ABC4E24DAF5E40094703A /* Debug */,
				181ABC4F24DAF5E40094703A /* Release */,
			);
			defaultConfigurationIsVisible = 0;
			defaultConfigurationName = Release;
		};
		181ABC5024DAF5E40094703A /* Build configuration list for PBXNativeTarget "StoryBoardInfo" */ = {
			isa = XCConfigurationList;
			buildConfigurations = (
				181ABC5124DAF5E40094703A /* Debug */,
				181ABC5224DAF5E40094703A /* Release */,
			);
			defaultConfigurationIsVisible = 0;
			defaultConfigurationName = Release;
		};
/* End XCConfigurationList section */
	};
	rootObject = 181ABC3424DAF5E20094703A /* Project object */;
}
